
Microsoft Visual Studio Solution File, Format Version 12.00
# Visual Studio Version 16
VisualStudioVersion = 16.0.30104.148
MinimumVisualStudioVersion = 10.0.40219.1
Project("{FAE04EC0-301F-11D3-BF4B-00C04F79EFBC}") = "Maze", "Maze\Maze.csproj", "{37B287B7-5AD5-4C84-A608-60DC84596639}"
EndProject
Global
	GlobalSection(SolutionConfigurationPlatforms) = preSolution
		Debug|Any CPU = Debug|Any CPU
		Release|Any CPU = Release|Any CPU
	EndGlobalSection
	GlobalSection(ProjectConfigurationPlatforms) = postSolution
		{37B287B7-5AD5-4C84-A608-60DC84596639}.Debug|Any CPU.ActiveCfg = Debug|Any CPU
		{37B287B7-5AD5-4C84-A608-60DC84596639}.Debug|Any CPU.Build.0 = Debug|Any CPU
		{37B287B7-5AD5-4C84-A608-60DC84596639}.Release|Any CPU.ActiveCfg = Release|Any CPU
		{37B287B7-5AD5-4C84-A608-60DC84596639}.Release|Any CPU.Build.0 = Release|Any CPU
	EndGlobalSection
	GlobalSection(SolutionProperties) = preSolution
		HideSolutionNode = FALSE
	EndGlobalSection
	GlobalSection(ExtensibilityGlobals) = postSolution
		SolutionGuid = {810B5A70-5708-4332-85BF-6A3839BCE08B}
	EndGlobalSection
EndGlobal
